
Microsoft Visual Studio Solution File, Format Version 12.00
# Visual Studio 2012
Project("{8BC9CEB8-8B4A-11D0-8D11-00A0C91BC942}") = "108.CompNum2", "108.CompNum2\108.CompNum2.vcxproj", "{49280E44-50D4-43A3-A991-A50A9D41BDF3}"
EndProject
Global
	GlobalSection(SolutionConfigurationPlatforms) = preSolution
		Debug|Win32 = Debug|Win32
		Release|Win32 = Release|Win32
	EndGlobalSection
	GlobalSection(ProjectConfigurationPlatforms) = postSolution
		{49280E44-50D4-43A3-A991-A50A9D41BDF3}.Debug|Win32.ActiveCfg = Debug|Win32
		{49280E44-50D4-43A3-A991-A50A9D41BDF3}.Debug|Win32.Build.0 = Debug|Win32
		{49280E44-50D4-43A3-A991-A50A9D41BDF3}.Release|Win32.ActiveCfg = Release|Win32
		{49280E44-50D4-43A3-A991-A50A9D41BDF3}.Release|Win32.Build.0 = Release|Win32
	EndGlobalSection
	GlobalSection(SolutionProperties) = preSolution
		HideSolutionNode = FALSE
	EndGlobalSection
EndGlobal
