
Microsoft Visual Studio Solution File, Format Version 12.00
# Visual Studio 2012
Project("{8BC9CEB8-8B4A-11D0-8D11-00A0C91BC942}") = "88.MaxAndSecond", "88.MaxAndSecond\88.MaxAndSecond.vcxproj", "{408A6148-8F8D-4AA3-9289-A9F00DCDD134}"
EndProject
Global
	GlobalSection(SolutionConfigurationPlatforms) = preSolution
		Debug|Win32 = Debug|Win32
		Release|Win32 = Release|Win32
	EndGlobalSection
	GlobalSection(ProjectConfigurationPlatforms) = postSolution
		{408A6148-8F8D-4AA3-9289-A9F00DCDD134}.Debug|Win32.ActiveCfg = Debug|Win32
		{408A6148-8F8D-4AA3-9289-A9F00DCDD134}.Debug|Win32.Build.0 = Debug|Win32
		{408A6148-8F8D-4AA3-9289-A9F00DCDD134}.Release|Win32.ActiveCfg = Release|Win32
		{408A6148-8F8D-4AA3-9289-A9F00DCDD134}.Release|Win32.Build.0 = Release|Win32
	EndGlobalSection
	GlobalSection(SolutionProperties) = preSolution
		HideSolutionNode = FALSE
	EndGlobalSection
EndGlobal
