
Microsoft Visual Studio Solution File, Format Version 12.00
# Visual Studio 2012
Project("{8BC9CEB8-8B4A-11D0-8D11-00A0C91BC942}") = "judgeSortedArray", "judgeSortedArray\judgeSortedArray.vcxproj", "{A527D7B9-916D-4F43-83AC-6EEF72C1C8F8}"
EndProject
Global
	GlobalSection(SolutionConfigurationPlatforms) = preSolution
		Debug|Win32 = Debug|Win32
		Release|Win32 = Release|Win32
	EndGlobalSection
	GlobalSection(ProjectConfigurationPlatforms) = postSolution
		{A527D7B9-916D-4F43-83AC-6EEF72C1C8F8}.Debug|Win32.ActiveCfg = Debug|Win32
		{A527D7B9-916D-4F43-83AC-6EEF72C1C8F8}.Debug|Win32.Build.0 = Debug|Win32
		{A527D7B9-916D-4F43-83AC-6EEF72C1C8F8}.Release|Win32.ActiveCfg = Release|Win32
		{A527D7B9-916D-4F43-83AC-6EEF72C1C8F8}.Release|Win32.Build.0 = Release|Win32
	EndGlobalSection
	GlobalSection(SolutionProperties) = preSolution
		HideSolutionNode = FALSE
	EndGlobalSection
EndGlobal
