
Microsoft Visual Studio Solution File, Format Version 12.00
# Visual Studio 2012
Project("{8BC9CEB8-8B4A-11D0-8D11-00A0C91BC942}") = "binary_search", "binary_search\binary_search.vcxproj", "{F3D53443-1A92-4DFD-90B5-A0C8DB257CFA}"
EndProject
Global
	GlobalSection(SolutionConfigurationPlatforms) = preSolution
		Debug|Win32 = Debug|Win32
		Release|Win32 = Release|Win32
	EndGlobalSection
	GlobalSection(ProjectConfigurationPlatforms) = postSolution
		{F3D53443-1A92-4DFD-90B5-A0C8DB257CFA}.Debug|Win32.ActiveCfg = Debug|Win32
		{F3D53443-1A92-4DFD-90B5-A0C8DB257CFA}.Debug|Win32.Build.0 = Debug|Win32
		{F3D53443-1A92-4DFD-90B5-A0C8DB257CFA}.Release|Win32.ActiveCfg = Release|Win32
		{F3D53443-1A92-4DFD-90B5-A0C8DB257CFA}.Release|Win32.Build.0 = Release|Win32
	EndGlobalSection
	GlobalSection(SolutionProperties) = preSolution
		HideSolutionNode = FALSE
	EndGlobalSection
EndGlobal
