
Microsoft Visual Studio Solution File, Format Version 12.00
# Visual Studio 2012
Project("{8BC9CEB8-8B4A-11D0-8D11-00A0C91BC942}") = "97.SortedBiTree", "97.SortedBiTree\97.SortedBiTree.vcxproj", "{F3B0AAF3-A887-485D-AC19-F72D0A3D5609}"
EndProject
Global
	GlobalSection(SolutionConfigurationPlatforms) = preSolution
		Debug|Win32 = Debug|Win32
		Release|Win32 = Release|Win32
	EndGlobalSection
	GlobalSection(ProjectConfigurationPlatforms) = postSolution
		{F3B0AAF3-A887-485D-AC19-F72D0A3D5609}.Debug|Win32.ActiveCfg = Debug|Win32
		{F3B0AAF3-A887-485D-AC19-F72D0A3D5609}.Debug|Win32.Build.0 = Debug|Win32
		{F3B0AAF3-A887-485D-AC19-F72D0A3D5609}.Release|Win32.ActiveCfg = Release|Win32
		{F3B0AAF3-A887-485D-AC19-F72D0A3D5609}.Release|Win32.Build.0 = Release|Win32
	EndGlobalSection
	GlobalSection(SolutionProperties) = preSolution
		HideSolutionNode = FALSE
	EndGlobalSection
EndGlobal
