
Microsoft Visual Studio Solution File, Format Version 12.00
# Visual Studio 2012
Project("{8BC9CEB8-8B4A-11D0-8D11-00A0C91BC942}") = "83.A+B Problem", "83.A+B Problem\83.A+B Problem.vcxproj", "{25BB728B-1538-4B28-B0F2-6FCEC23129DF}"
EndProject
Global
	GlobalSection(SolutionConfigurationPlatforms) = preSolution
		Debug|Win32 = Debug|Win32
		Release|Win32 = Release|Win32
	EndGlobalSection
	GlobalSection(ProjectConfigurationPlatforms) = postSolution
		{25BB728B-1538-4B28-B0F2-6FCEC23129DF}.Debug|Win32.ActiveCfg = Debug|Win32
		{25BB728B-1538-4B28-B0F2-6FCEC23129DF}.Debug|Win32.Build.0 = Debug|Win32
		{25BB728B-1538-4B28-B0F2-6FCEC23129DF}.Release|Win32.ActiveCfg = Release|Win32
		{25BB728B-1538-4B28-B0F2-6FCEC23129DF}.Release|Win32.Build.0 = Release|Win32
	EndGlobalSection
	GlobalSection(SolutionProperties) = preSolution
		HideSolutionNode = FALSE
	EndGlobalSection
EndGlobal
