
Microsoft Visual Studio Solution File, Format Version 12.00
# Visual Studio 2012
Project("{8BC9CEB8-8B4A-11D0-8D11-00A0C91BC942}") = "89.CountTimeInterval", "89.CountTimeInterval\89.CountTimeInterval.vcxproj", "{58ABF5C7-9F2E-4356-A5A2-EEBDCB902E5B}"
EndProject
Global
	GlobalSection(SolutionConfigurationPlatforms) = preSolution
		Debug|Win32 = Debug|Win32
		Release|Win32 = Release|Win32
	EndGlobalSection
	GlobalSection(ProjectConfigurationPlatforms) = postSolution
		{58ABF5C7-9F2E-4356-A5A2-EEBDCB902E5B}.Debug|Win32.ActiveCfg = Debug|Win32
		{58ABF5C7-9F2E-4356-A5A2-EEBDCB902E5B}.Debug|Win32.Build.0 = Debug|Win32
		{58ABF5C7-9F2E-4356-A5A2-EEBDCB902E5B}.Release|Win32.ActiveCfg = Release|Win32
		{58ABF5C7-9F2E-4356-A5A2-EEBDCB902E5B}.Release|Win32.Build.0 = Release|Win32
	EndGlobalSection
	GlobalSection(SolutionProperties) = preSolution
		HideSolutionNode = FALSE
	EndGlobalSection
EndGlobal
