
Microsoft Visual Studio Solution File, Format Version 12.00
# Visual Studio 2012
Project("{8BC9CEB8-8B4A-11D0-8D11-00A0C91BC942}") = "tree", "tree\tree.vcxproj", "{FD2F687E-4DBC-487F-B58D-4A199A698FDE}"
EndProject
Global
	GlobalSection(SolutionConfigurationPlatforms) = preSolution
		Debug|Win32 = Debug|Win32
		Release|Win32 = Release|Win32
	EndGlobalSection
	GlobalSection(ProjectConfigurationPlatforms) = postSolution
		{FD2F687E-4DBC-487F-B58D-4A199A698FDE}.Debug|Win32.ActiveCfg = Debug|Win32
		{FD2F687E-4DBC-487F-B58D-4A199A698FDE}.Debug|Win32.Build.0 = Debug|Win32
		{FD2F687E-4DBC-487F-B58D-4A199A698FDE}.Release|Win32.ActiveCfg = Release|Win32
		{FD2F687E-4DBC-487F-B58D-4A199A698FDE}.Release|Win32.Build.0 = Release|Win32
	EndGlobalSection
	GlobalSection(SolutionProperties) = preSolution
		HideSolutionNode = FALSE
	EndGlobalSection
EndGlobal
